
Microsoft Visual Studio Solution File, Format Version 12.00
# Visual Studio 15
VisualStudioVersion = 15.0.28307.421
MinimumVisualStudioVersion = 10.0.40219.1
Project("{F184B08F-C81C-45F6-A57F-5ABD9991F28F}") = "PowerSpike", "PowerSpike\PowerSpike.vbproj", "{DF9914D1-53F7-411B-87DB-09378C9851C1}"
EndProject
Global
	GlobalSection(SolutionConfigurationPlatforms) = preSolution
		Debug|Any CPU = Debug|Any CPU
		Release|Any CPU = Release|Any CPU
	EndGlobalSection
	GlobalSection(ProjectConfigurationPlatforms) = postSolution
		{DF9914D1-53F7-411B-87DB-09378C9851C1}.Debug|Any CPU.ActiveCfg = Debug|Any CPU
		{DF9914D1-53F7-411B-87DB-09378C9851C1}.Debug|Any CPU.Build.0 = Debug|Any CPU
		{DF9914D1-53F7-411B-87DB-09378C9851C1}.Release|Any CPU.ActiveCfg = Release|Any CPU
		{DF9914D1-53F7-411B-87DB-09378C9851C1}.Release|Any CPU.Build.0 = Release|Any CPU
	EndGlobalSection
	GlobalSection(SolutionProperties) = preSolution
		HideSolutionNode = FALSE
	EndGlobalSection
	GlobalSection(ExtensibilityGlobals) = postSolution
		SolutionGuid = {14E49CB6-1B70-47E4-A80B-DC2C26B42FCF}
	EndGlobalSection
EndGlobal
